
Microsoft Visual Studio Solution File, Format Version 12.00
# Visual Studio Version 16
VisualStudioVersion = 16.0.30523.141
MinimumVisualStudioVersion = 10.0.40219.1
Project("{9A19103F-16F7-4668-BE54-9A1E7A4F7556}") = "FactorioModsManager", "FactorioModsManager\FactorioModsManager.csproj", "{8969B03D-108F-4284-982C-50D2672243F2}"
EndProject
Project("{9A19103F-16F7-4668-BE54-9A1E7A4F7556}") = "FactorioModPortalClient", "FactorioModPortalClient\FactorioModPortalClient\FactorioModPortalClient.csproj", "{419F139E-DE92-4F76-81B4-C9D9626EDAC4}"
EndProject
Project("{9A19103F-16F7-4668-BE54-9A1E7A4F7556}") = "FactorioModsManager.UnitTests", "FactorioModsManager.UnitTests\FactorioModsManager.UnitTests.csproj", "{BE418D60-8F1C-4AFB-AB1E-6E4DC442AC12}"
EndProject
Project("{9A19103F-16F7-4668-BE54-9A1E7A4F7556}") = "FactorioSaveFileUtilities", "FactorioSaveFileUtilities\FactorioSaveFileUtilities\FactorioSaveFileUtilities.csproj", "{1C2687C2-5B1D-47DA-BF5B-4D5027BB406E}"
EndProject
Global
	GlobalSection(SolutionConfigurationPlatforms) = preSolution
		Debug|Any CPU = Debug|Any CPU
		Release|Any CPU = Release|Any CPU
	EndGlobalSection
	GlobalSection(ProjectConfigurationPlatforms) = postSolution
		{8969B03D-108F-4284-982C-50D2672243F2}.Debug|Any CPU.ActiveCfg = Debug|Any CPU
		{8969B03D-108F-4284-982C-50D2672243F2}.Debug|Any CPU.Build.0 = Debug|Any CPU
		{8969B03D-108F-4284-982C-50D2672243F2}.Release|Any CPU.ActiveCfg = Release|Any CPU
		{8969B03D-108F-4284-982C-50D2672243F2}.Release|Any CPU.Build.0 = Release|Any CPU
		{419F139E-DE92-4F76-81B4-C9D9626EDAC4}.Debug|Any CPU.ActiveCfg = Debug|Any CPU
		{419F139E-DE92-4F76-81B4-C9D9626EDAC4}.Debug|Any CPU.Build.0 = Debug|Any CPU
		{419F139E-DE92-4F76-81B4-C9D9626EDAC4}.Release|Any CPU.ActiveCfg = Release|Any CPU
		{419F139E-DE92-4F76-81B4-C9D9626EDAC4}.Release|Any CPU.Build.0 = Release|Any CPU
		{BE418D60-8F1C-4AFB-AB1E-6E4DC442AC12}.Debug|Any CPU.ActiveCfg = Debug|Any CPU
		{BE418D60-8F1C-4AFB-AB1E-6E4DC442AC12}.Debug|Any CPU.Build.0 = Debug|Any CPU
		{BE418D60-8F1C-4AFB-AB1E-6E4DC442AC12}.Release|Any CPU.ActiveCfg = Release|Any CPU
		{BE418D60-8F1C-4AFB-AB1E-6E4DC442AC12}.Release|Any CPU.Build.0 = Release|Any CPU
		{1C2687C2-5B1D-47DA-BF5B-4D5027BB406E}.Debug|Any CPU.ActiveCfg = Debug|Any CPU
		{1C2687C2-5B1D-47DA-BF5B-4D5027BB406E}.Debug|Any CPU.Build.0 = Debug|Any CPU
		{1C2687C2-5B1D-47DA-BF5B-4D5027BB406E}.Release|Any CPU.ActiveCfg = Release|Any CPU
		{1C2687C2-5B1D-47DA-BF5B-4D5027BB406E}.Release|Any CPU.Build.0 = Release|Any CPU
	EndGlobalSection
	GlobalSection(SolutionProperties) = preSolution
		HideSolutionNode = FALSE
	EndGlobalSection
	GlobalSection(ExtensibilityGlobals) = postSolution
		SolutionGuid = {0F262057-7B0B-47CD-AC15-BA84E9EED4ED}
	EndGlobalSection
EndGlobal
